
Microsoft Visual Studio Solution File, Format Version 12.00
# Visual Studio Version 17
VisualStudioVersion = 17.3.32819.101
MinimumVisualStudioVersion = 10.0.40219.1
Project("{FAE04EC0-301F-11D3-BF4B-00C04F79EFBC}") = "securityQuestionPrompter", "securityQuestionPrompter\securityQuestionPrompter.csproj", "{808E15BF-87F4-485C-9E2D-5CF76969B242}"
EndProject
Global
	GlobalSection(SolutionConfigurationPlatforms) = preSolution
		Debug|Any CPU = Debug|Any CPU
		Release|Any CPU = Release|Any CPU
	EndGlobalSection
	GlobalSection(ProjectConfigurationPlatforms) = postSolution
		{808E15BF-87F4-485C-9E2D-5CF76969B242}.Debug|Any CPU.ActiveCfg = Debug|Any CPU
		{808E15BF-87F4-485C-9E2D-5CF76969B242}.Debug|Any CPU.Build.0 = Debug|Any CPU
		{808E15BF-87F4-485C-9E2D-5CF76969B242}.Release|Any CPU.ActiveCfg = Release|Any CPU
		{808E15BF-87F4-485C-9E2D-5CF76969B242}.Release|Any CPU.Build.0 = Release|Any CPU
	EndGlobalSection
	GlobalSection(SolutionProperties) = preSolution
		HideSolutionNode = FALSE
	EndGlobalSection
	GlobalSection(ExtensibilityGlobals) = postSolution
		SolutionGuid = {9601A8B3-DDC7-4795-9F3E-86B3EF672FCD}
	EndGlobalSection
EndGlobal
